{
  "nodes": {
    "inference-defaults": {
      "flake": false,
      "locked": {
        "narHash": "sha256-ygWIkY2xiUEWqAZQM4/0vBz8vWd/RKX5VBj7EHovU14=",
        "type": "file",
        "url": "https://raw.githubusercontent.com/unslothai/unsloth/main/studio/backend/assets/configs/inference_defaults.json"
      },
      "original": {
        "type": "file",
        "url": "https://raw.githubusercontent.com/unslothai/unsloth/main/studio/backend/assets/configs/inference_defaults.json"
      }
    },
    "nixpkgs": {
      "locked": {
        "lastModified": 1777578337,
        "narHash": "sha256-Ad49moKWeXtKBJNy2ebiTQUEgdLyvGmTeykAQ9xM+Z4=",
        "owner": "NixOS",
        "repo": "nixpkgs",
        "rev": "15f4ee454b1dce334612fa6843b3e05cf546efab",
        "type": "github"
      },
      "original": {
        "owner": "NixOS",
        "ref": "nixos-unstable",
        "repo": "nixpkgs",
        "type": "github"
      }
    },
    "root": {
      "inputs": {
        "inference-defaults": "inference-defaults",
        "nixpkgs": "nixpkgs"
      }
    }
  },
  "root": "root",
  "version": 7
}
