github.com/KyleBanks/depth v1.2.1 h1:5h8fQADFrWtarTdtDudMmGsC7GPbOAu6RVB3ffsVFHc=
github.com/KyleBanks/depth v1.2.1/go.mod h1:jzSb9d0L43HxTQfT+oSA1EEp2q+ne2uh6XgeJcm8brE=
github.com/PuerkitoBio/purell v1.1.1 h1:WEQqlqaGbrPkxLJWfBwQmfEAE1Z7ONdDLqrN38tNFfI=
github.com/PuerkitoBio/purell v1.1.1/go.mod h1:c11w/QuzBsJSee3cPx9rAFu61PvFxuPbtSwDGJws/X0=
github.com/PuerkitoBio/urlesc v0.0.0-20170810143723-de5bf2ad4578 h1:d+Bc7a5rLufV/sSk/8dngufqelfh6jnri85riMAaF/M=
github.com/PuerkitoBio/urlesc v0.0.0-20170810143723-de5bf2ad4578/go.mod h1:uGdkoq3SwY9Y+13GIhn11/XLaGBb4BfwItxLd5jeuXE=
github.com/andybalholm/brotli v1.0.5 h1:8uQZIdzKmjc/iuPu7O2ioW48L81FgatrcpfFmiq/cCs=
github.com/andybalholm/brotli v1.0.5/go.mod h1:fO7iG3H7G2nSZ7m0zPUDn85XEX2GTukHGRSepvi9Eig=
github.com/chzyer/logex v1.1.10/go.mod h1:+Ywpsq7O8HXn0nuIou7OrIPyXbp3wmkHB+jjWRnGsAI=
github.com/chzyer/readline v0.0.0-20180603132655-2972be24d48e/go.mod h1:nSuG5e5PlCu98SY8svDHJxuZscDgtXS6KTTbou5AhLI=
github.com/chzyer/test v0.0.0-20180213035817-a1ea475d72b1/go.mod h1:Q3SI9o4m/ZMnBNeIyt5eFwwo7qiLfzFZmjNmxjkiQlU=
github.com/coreos/go-systemd/v22 v22.5.0/go.mod h1:Y58oyj3AT4RCenI/lSvhwexgC+NSVTIJ3seZv2GcEnc=
github.com/cpuguy83/go-md2man/v2 v2.0.2 h1:p1EgwI/C7NhT0JmVkwCD2ZBK8j4aeHQX2pMHHBfMQ6w=
github.com/cpuguy83/go-md2man/v2 v2.0.2/go.mod h1:tgQtvFlXSQOSOSIRvRPT7W67SCa46tRHOmNcaadrF8o=
github.com/creack/pty v1.1.9/go.mod h1:oKZEueFk5CKHvIhNR5MUki03XCEU+Q6VDXinZuGJ33E=
github.com/davecgh/go-spew v1.1.0/go.mod h1:J7Y8YcW2NihsgmVo/mv3lAwl/skON4iLHjSsI+c5H38=
github.com/davecgh/go-spew v1.1.1 h1:vj9j/u1bqnvCEfJOwUhtlOARqs3+rkHYY13jYWTU97c=
github.com/davecgh/go-spew v1.1.1/go.mod h1:J7Y8YcW2NihsgmVo/mv3lAwl/skON4iLHjSsI+c5H38=
github.com/donomii/go-rwkv.cpp v0.0.0-20230515123100-6fdd0c338e56 h1:s8/MZdicstKi5fn9D9mKGIQ/q6IWCYCk/BM68i8v51w=
github.com/donomii/go-rwkv.cpp v0.0.0-20230515123100-6fdd0c338e56/go.mod h1:gWy7FIWioqYmYxkaoFyBnaKApeZVrUkHhv9EV9pz4dM=
github.com/donomii/go-rwkv.cpp v0.0.0-20230529074347-ccb05c3e1c6e h1:YbcLoxAwS0r7otEqU/d8bArubmfEJaG7dZPp0Aa52Io=
github.com/donomii/go-rwkv.cpp v0.0.0-20230529074347-ccb05c3e1c6e/go.mod h1:gWy7FIWioqYmYxkaoFyBnaKApeZVrUkHhv9EV9pz4dM=
github.com/donomii/go-rwkv.cpp v0.0.0-20230531084548-c43cdf5fc5bf h1:upCz8WYdzMeJg0qywUaVaGndY+niuicj5j6V4pvhNS4=
github.com/donomii/go-rwkv.cpp v0.0.0-20230531084548-c43cdf5fc5bf/go.mod h1:gWy7FIWioqYmYxkaoFyBnaKApeZVrUkHhv9EV9pz4dM=
github.com/donomii/go-rwkv.cpp v0.0.0-20230601111443-3b28b09469fc h1:RCGGh/zw+K09sjCIYHUV7lFenxONml+LS02RdN+AkwI=
github.com/donomii/go-rwkv.cpp v0.0.0-20230601111443-3b28b09469fc/go.mod h1:gWy7FIWioqYmYxkaoFyBnaKApeZVrUkHhv9EV9pz4dM=
github.com/ggerganov/whisper.cpp/bindings/go v0.0.0-20230520182345-041be06d5881 h1:dafqVivljYk51VLFnnpTXJnfWDe637EobWZ1l8PyEf8=
github.com/ggerganov/whisper.cpp/bindings/go v0.0.0-20230520182345-041be06d5881/go.mod h1:QIjZ9OktHFG7p+/m3sMvrAJKKdWrr1fZIK0rM6HZlyo=
github.com/ggerganov/whisper.cpp/bindings/go v0.0.0-20230523110439-77eab3fbfe5e h1:4PMorQuoUGAXmIzCtnNOHaasyLokXdgd8jUWwsraFTo=
github.com/ggerganov/whisper.cpp/bindings/go v0.0.0-20230523110439-77eab3fbfe5e/go.mod h1:QIjZ9OktHFG7p+/m3sMvrAJKKdWrr1fZIK0rM6HZlyo=
github.com/ggerganov/whisper.cpp/bindings/go v0.0.0-20230524181101-5e2b3407ef46 h1:+STJWsBFikYC90LnR8I9gcBdysQn7Jv9Jb44+5WBi68=
github.com/ggerganov/whisper.cpp/bindings/go v0.0.0-20230524181101-5e2b3407ef46/go.mod h1:QIjZ9OktHFG7p+/m3sMvrAJKKdWrr1fZIK0rM6HZlyo=
github.com/ggerganov/whisper.cpp/bindings/go v0.0.0-20230527074028-9b926844e3ae h1:uzi5myq/qNX9xiKMRF/fW3HfxuEo2WcnTalwg9fe2hM=
github.com/ggerganov/whisper.cpp/bindings/go v0.0.0-20230527074028-9b926844e3ae/go.mod h1:QIjZ9OktHFG7p+/m3sMvrAJKKdWrr1fZIK0rM6HZlyo=
github.com/ggerganov/whisper.cpp/bindings/go v0.0.0-20230528233858-d7c936b44a80 h1:IeeVcNaQHdcG+GPg+meOPFvtonvO8p/HBzTrZGjpWZk=
github.com/ggerganov/whisper.cpp/bindings/go v0.0.0-20230528233858-d7c936b44a80/go.mod h1:QIjZ9OktHFG7p+/m3sMvrAJKKdWrr1fZIK0rM6HZlyo=
github.com/ggerganov/whisper.cpp/bindings/go v0.0.0-20230531071314-ce6f7470649f h1:oGTI2SlcA7oGPFsmkS1m8psq3uKNnhhJ/MZ2ZWVZDe0=
github.com/ggerganov/whisper.cpp/bindings/go v0.0.0-20230531071314-ce6f7470649f/go.mod h1:QIjZ9OktHFG7p+/m3sMvrAJKKdWrr1fZIK0rM6HZlyo=
github.com/ggerganov/whisper.cpp/bindings/go v0.0.0-20230601065548-3f7436e8a096 h1:TD7v8FnwWCWlOsrkpnumsbxsflyhTI3rSm2HInqqSAI=
github.com/ggerganov/whisper.cpp/bindings/go v0.0.0-20230601065548-3f7436e8a096/go.mod h1:QIjZ9OktHFG7p+/m3sMvrAJKKdWrr1fZIK0rM6HZlyo=
github.com/ggerganov/whisper.cpp/bindings/go v0.0.0-20230601124500-5b9e59bc07dd h1:os3FeYEIB4j5m5QlbFC3HkVcaAmLxNXz48uIfQAexm0=
github.com/ggerganov/whisper.cpp/bindings/go v0.0.0-20230601124500-5b9e59bc07dd/go.mod h1:QIjZ9OktHFG7p+/m3sMvrAJKKdWrr1fZIK0rM6HZlyo=
github.com/go-audio/audio v1.0.0 h1:zS9vebldgbQqktK4H0lUqWrG8P0NxCJVqcj7ZpNnwd4=
github.com/go-audio/audio v1.0.0/go.mod h1:6uAu0+H2lHkwdGsAY+j2wHPNPpPoeg5AaEFh9FlA+Zs=
github.com/go-audio/riff v1.0.0 h1:d8iCGbDvox9BfLagY94fBynxSPHO80LmZCaOsmKxokA=
github.com/go-audio/riff v1.0.0/go.mod h1:l3cQwc85y79NQFCRB7TiPoNiaijp6q8Z0Uv38rVG498=
github.com/go-audio/wav v1.1.0 h1:jQgLtbqBzY7G+BM8fXF7AHUk1uHUviWS4X39d5rsL2g=
github.com/go-audio/wav v1.1.0/go.mod h1:mpe9qfwbScEbkd8uybLuIpTgHyrISw/OTuvjUW2iGtE=
github.com/go-logr/logr v1.2.4 h1:g01GSCwiDw2xSZfjJ2/T9M+S6pFdcNtFYsp+Y43HYDQ=
github.com/go-logr/logr v1.2.4/go.mod h1:jdQByPbusPIv2/zmleS9BjJVeZ6kBagPoEUsqbVz/1A=
github.com/go-openapi/jsonpointer v0.19.3/go.mod h1:Pl9vOtqEWErmShwVjC8pYs9cog34VGT37dQOVbmoatg=
github.com/go-openapi/jsonpointer v0.19.5 h1:gZr+CIYByUqjcgeLXnQu2gHYQC9o73G2XUeOFYEICuY=
github.com/go-openapi/jsonpointer v0.19.5/go.mod h1:Pl9vOtqEWErmShwVjC8pYs9cog34VGT37dQOVbmoatg=
github.com/go-openapi/jsonreference v0.19.6 h1:UBIxjkht+AWIgYzCDSv2GN+E/togfwXUJFRTWhl2Jjs=
github.com/go-openapi/jsonreference v0.19.6/go.mod h1:diGHMEHg2IqXZGKxqyvWdfWU/aim5Dprw5bqpKkTvns=
github.com/go-openapi/spec v0.20.4 h1:O8hJrt0UMnhHcluhIdUgCLRWyM2x7QkBXRvOs7m+O1M=
github.com/go-openapi/spec v0.20.4/go.mod h1:faYFR1CvsJZ0mNsmsphTMSoRrNV3TEDoAM7FOEWeq8I=
github.com/go-openapi/swag v0.19.5/go.mod h1:POnQmlKehdgb5mhVOsnJFsivZCEZ/vjK9gh66Z9tfKk=
github.com/go-openapi/swag v0.19.15 h1:D2NRCBzS9/pEY3gP9Nl8aDqGUcPFrwG2p+CNFrLyrCM=
github.com/go-openapi/swag v0.19.15/go.mod h1:QYRuS/SOXUCsnplDa677K7+DxSOj6IPNl/eQntq43wQ=
github.com/go-skynet/bloomz.cpp v0.0.0-20230510223001-e9366e82abdf h1:VJfSn8hIDE+K5+h38M3iAyFXrxpRExMKRdTk33UDxsw=
github.com/go-skynet/bloomz.cpp v0.0.0-20230510223001-e9366e82abdf/go.mod h1:wc0fJ9V04yiYTfgKvE5RUUSRQ5Kzi0Bo4I+U3nNOUuA=
github.com/go-skynet/go-bert.cpp v0.0.0-20230516063724-cea1ed76a7f4 h1:+3KPDf4Wv1VHOkzAfZnlj9qakLSYggTpm80AswhD/FU=
github.com/go-skynet/go-bert.cpp v0.0.0-20230516063724-cea1ed76a7f4/go.mod h1:VY0s5KoAI2jRCvQXKuDeEEe8KG7VaWifSNJSk+E1KtY=
github.com/go-skynet/go-bert.cpp v0.0.0-20230529074307-771b4a085972 h1:eiE1CTqanNjpNWF2xp9GvNZXgKgRzNaUSyFZGMLu8Vo=
github.com/go-skynet/go-bert.cpp v0.0.0-20230529074307-771b4a085972/go.mod h1:IQrVVZiAuWpneNrahrGu3m7VVaKLDIvQGp+Q6B8jw5g=
github.com/go-skynet/go-ggml-transformers.cpp v0.0.0-20230523173010-f89d7c22df6b h1:uKICsAbdRJxMPZ4RXltwOwXPRDO1/d/pdGR3gEEUV9M=
github.com/go-skynet/go-ggml-transformers.cpp v0.0.0-20230523173010-f89d7c22df6b/go.mod h1:hjmO5UfipWl6xkPT54acOs9DDto8GPV81IvsBcvRjsA=
github.com/go-skynet/go-ggml-transformers.cpp v0.0.0-20230524084634-c4c581f1853c h1:jXUOCh2K4OzRItTtHzdxvkylE9r1szRSleRpXCNvraY=
github.com/go-skynet/go-ggml-transformers.cpp v0.0.0-20230524084634-c4c581f1853c/go.mod h1:hjmO5UfipWl6xkPT54acOs9DDto8GPV81IvsBcvRjsA=
github.com/go-skynet/go-ggml-transformers.cpp v0.0.0-20230525204055-4f18e5eb7508 h1:pb7wUQlgqbakB4vILBq44iLe5w9bcjAsP7js2iFOWX8=
github.com/go-skynet/go-ggml-transformers.cpp v0.0.0-20230525204055-4f18e5eb7508/go.mod h1:hjmO5UfipWl6xkPT54acOs9DDto8GPV81IvsBcvRjsA=
github.com/go-skynet/go-ggml-transformers.cpp v0.0.0-20230529072326-695f97befe14 h1:0VZ5NbrtqvLvBRs0ioXBb9Mp8cOYRqG2WgAIf3+3dlw=
github.com/go-skynet/go-ggml-transformers.cpp v0.0.0-20230529072326-695f97befe14/go.mod h1:Rz967+t+aY6S+TBiW/WI8FM/C1WEMM+DamSMtKRxVAM=
github.com/go-skynet/go-ggml-transformers.cpp v0.0.0-20230529215936-13ccc22621bb h1:slNlMT8xB6w0QaMroTsqkNzNovUOEkpNpCawB7IjBFY=
github.com/go-skynet/go-ggml-transformers.cpp v0.0.0-20230529215936-13ccc22621bb/go.mod h1:SI+oF2+THMydq8Vo4+EzKJaQwtfWOy+lr7yWPP6FR2U=
github.com/go-skynet/go-ggml-transformers.cpp v0.0.0-20230531065233-17b065584ef8 h1:LK1DAgJsNMRUWaPpFOnE8XSF70UBybr3zGOvzP8Pdok=
github.com/go-skynet/go-ggml-transformers.cpp v0.0.0-20230531065233-17b065584ef8/go.mod h1:/JbU8HZU+tUOp+1bQAeXf3AyRXm+p3UwhccoJwCTI9A=
github.com/go-skynet/go-gpt2.cpp v0.0.0-20230523153133-3eb3a32c0874 h1:/6QWh2oarU7iPSpXj/3bLlkKptyxjKTRrNtGUrh8vhI=
github.com/go-skynet/go-gpt2.cpp v0.0.0-20230523153133-3eb3a32c0874/go.mod h1:1Wj/xbkMfwQSOrhNYK178IzqQHstZbRfhx4s8p1M5VM=
github.com/go-skynet/go-llama.cpp v0.0.0-20230520155239-ccf23adfb278 h1:st4ow9JKy3UuhkwutrbWof2vMFU/YxwBCLYZ1IxJ2Po=
github.com/go-skynet/go-llama.cpp v0.0.0-20230520155239-ccf23adfb278/go.mod h1:oA0r4BW8ndyjTMGi1tulsNd7sdg3Ql8MaVFuT1zF6ws=
github.com/go-skynet/go-llama.cpp v0.0.0-20230523103108-dcf8da632bce h1:Mcq9LvYG4msXJvFUeiYI6PGftqmYbOoBxNfjyAAyFB4=
github.com/go-skynet/go-llama.cpp v0.0.0-20230523103108-dcf8da632bce/go.mod h1:oA0r4BW8ndyjTMGi1tulsNd7sdg3Ql8MaVFuT1zF6ws=
github.com/go-skynet/go-llama.cpp v0.0.0-20230524233806-6e7e69a1607e h1:zfxPbHj7/hN2F7V12vfxCi4CFsaVO1WohW96OVFtfNw=
github.com/go-skynet/go-llama.cpp v0.0.0-20230524233806-6e7e69a1607e/go.mod h1:oA0r4BW8ndyjTMGi1tulsNd7sdg3Ql8MaVFuT1zF6ws=
github.com/go-skynet/go-llama.cpp v0.0.0-20230529120000-4bd3910005a5 h1:AbKnkgzkjkyoJtjOHgR3+rmNKOOjmRja6De3HEa7S7E=
github.com/go-skynet/go-llama.cpp v0.0.0-20230529120000-4bd3910005a5/go.mod h1:oA0r4BW8ndyjTMGi1tulsNd7sdg3Ql8MaVFuT1zF6ws=
github.com/go-skynet/go-llama.cpp v0.0.0-20230529221033-4afcaf28f36f h1:HmXiNF9Sy+34aSjaJ2/JN+goDgbT2XyLjdiG2EOMvaE=
github.com/go-skynet/go-llama.cpp v0.0.0-20230529221033-4afcaf28f36f/go.mod h1:oA0r4BW8ndyjTMGi1tulsNd7sdg3Ql8MaVFuT1zF6ws=
github.com/go-skynet/go-llama.cpp v0.0.0-20230530191504-62b6c079a47d h1:daPcVEptc/6arcS/QV4QDCdYiwMGCiiR5rnzUs63WK0=
github.com/go-skynet/go-llama.cpp v0.0.0-20230530191504-62b6c079a47d/go.mod h1:oA0r4BW8ndyjTMGi1tulsNd7sdg3Ql8MaVFuT1zF6ws=
github.com/go-skynet/go-llama.cpp v0.0.0-20230531065249-10caf37d8b73 h1:swwsrYpPYOsyGFrX/0nhaYa93aHH6I61HpSJpQkN1tY=
github.com/go-skynet/go-llama.cpp v0.0.0-20230531065249-10caf37d8b73/go.mod h1:ddYIvPZyj3Vf4XkfZimVRRehZu2isd0JXfK3EemVQPk=
github.com/go-task/slim-sprig v0.0.0-20230315185526-52ccab3ef572 h1:tfuBGBXKqDEevZMzYi5KSi8KkcZtzBcTgAUUtapy0OI=
github.com/go-task/slim-sprig v0.0.0-20230315185526-52ccab3ef572/go.mod h1:9Pwr4B2jHnOSGXyyzV8ROjYa2ojvAY6HCGYYfMoC3Ls=
github.com/godbus/dbus/v5 v5.0.4/go.mod h1:xhWf0FNVPg57R7Z0UbKHbJfkEywrmjJnf7w5xrFpKfA=
github.com/gofiber/fiber/v2 v2.46.0 h1:wkkWotblsGVlLjXj2dpgKQAYHtXumsK/HyFugQM68Ns=
github.com/gofiber/fiber/v2 v2.46.0/go.mod h1:DNl0/c37WLe0g92U6lx1VMQuxGUQY5V7EIaVoEsUffc=
github.com/golang/protobuf v1.5.3 h1:KhyjKVUg7Usr/dYsdSqoFveMYd5ko72D+zANwlG1mmg=
github.com/google/go-cmp v0.5.9 h1:O2Tfq5qg4qc4AmwVlvv0oLiVAGB7enBSJ2x2DqQFi38=
github.com/google/go-cmp v0.5.9/go.mod h1:17dUlkBOakJ0+DkrSSNjCkIjxS6bF9zb3elmeNGIjoY=
github.com/google/pprof v0.0.0-20210407192527-94a9f03dee38 h1:yAJXTCF9TqKcTiHJAE8dj7HMvPfh66eeA2JYW7eFpSE=
github.com/google/pprof v0.0.0-20210407192527-94a9f03dee38/go.mod h1:kpwsk12EmLew5upagYY7GY0pfYCcupk39gWOCRROcvE=
github.com/google/uuid v1.3.0 h1:t6JiXgmwXMjEs8VusXIJk2BXHsn+wx8BZdTaoZ5fu7I=
github.com/google/uuid v1.3.0/go.mod h1:TIyPZe4MgqvfeYDBFedMoGGpEw/LqOeaOT+nhxU+yHo=
github.com/hashicorp/errwrap v1.0.0 h1:hLrqtEDnRye3+sgx6z4qVLNuviH3MR5aQ0ykNJa/UYA=
github.com/hashicorp/errwrap v1.0.0/go.mod h1:YH+1FKiLXxHSkmPseP+kNlulaMuP3n2brvKWEqk/Jc4=
github.com/hashicorp/go-multierror v1.1.1 h1:H5DkEtf6CXdFp0N0Em5UCwQpXMWke8IA0+lD48awMYo=
github.com/hashicorp/go-multierror v1.1.1/go.mod h1:iw975J/qwKPdAO1clOe2L8331t/9/fmwbPZ6JB6eMoM=
github.com/ianlancetaylor/demangle v0.0.0-20200824232613-28f6c0f3b639/go.mod h1:aSSvb/t6k1mPoxDqO4vJh6VOCGPwU4O0C2/Eqndh1Sc=
github.com/imdario/mergo v0.3.15 h1:M8XP7IuFNsqUx6VPK2P9OSmsYsI/YFaGil0uD21V3dM=
github.com/imdario/mergo v0.3.15/go.mod h1:WBLT9ZmE3lPoWsEzCh9LPo3TiwVN+ZKEjmz+hD27ysY=
github.com/imdario/mergo v0.3.16 h1:wwQJbIsHYGMUyLSPrEq1CT16AhnhNJQ51+4fdHUnCl4=
github.com/imdario/mergo v0.3.16/go.mod h1:WBLT9ZmE3lPoWsEzCh9LPo3TiwVN+ZKEjmz+hD27ysY=
github.com/josharian/intern v1.0.0 h1:vlS4z54oSdjm0bgjRigI+G1HpF+tI+9rE5LLzOg8HmY=
github.com/josharian/intern v1.0.0/go.mod h1:5DoeVV0s6jJacbCEi61lwdGj/aVlrQvzHFFd8Hwg//Y=
github.com/klauspost/compress v1.16.3 h1:XuJt9zzcnaz6a16/OU53ZjWp/v7/42WcR5t2a0PcNQY=
github.com/klauspost/compress v1.16.3/go.mod h1:ntbaceVETuRiXiv4DpjP66DpAtAGkEQskQzEyD//IeE=
github.com/kr/pretty v0.1.0/go.mod h1:dAy3ld7l9f0ibDNOQOHHMYYIIbhfbHSm3C4ZsoJORNo=
github.com/kr/pty v1.1.1/go.mod h1:pFQYn66WHrOpPYNljwOMqo10TkYh1fy3cYio2l3bCsQ=
github.com/kr/text v0.1.0/go.mod h1:4Jbv+DJW3UT/LiOwJeYQe1efqtUx/iVham/4vfdArNI=
github.com/kr/text v0.2.0 h1:5Nx0Ya0ZqY2ygV366QzturHI13Jq95ApcVaJBhpS+AY=
github.com/kr/text v0.2.0/go.mod h1:eLer722TekiGuMkidMxC/pM04lWEeraHUUmBw8l2grE=
github.com/mailru/easyjson v0.0.0-20190614124828-94de47d64c63/go.mod h1:C1wdFJiN94OJF2b5HbByQZoLdCWB1Yqtg26g4irojpc=
github.com/mailru/easyjson v0.0.0-20190626092158-b2ccc519800e/go.mod h1:C1wdFJiN94OJF2b5HbByQZoLdCWB1Yqtg26g4irojpc=
github.com/mailru/easyjson v0.7.6 h1:8yTIVnZgCoiM1TgqoeTl+LfU5Jg6/xL3QhGQnimLYnA=
github.com/mailru/easyjson v0.7.6/go.mod h1:xzfreul335JAWq5oZzymOObrkdz5UnU4kGfJJLY9Nlc=
github.com/mattn/go-colorable v0.1.12/go.mod h1:u5H1YNBxpqRaxsYJYSkiCWKzEfiAb1Gb520KVy5xxl4=
github.com/mattn/go-colorable v0.1.13 h1:fFA4WZxdEF4tXPZVKMLwD8oUnCTTo08duU7wxecdEvA=
github.com/mattn/go-colorable v0.1.13/go.mod h1:7S9/ev0klgBDR4GtXTXX8a3vIGJpMovkB8vQcUbaXHg=
github.com/mattn/go-isatty v0.0.14/go.mod h1:7GGIvUiUoEMVVmxf/4nioHXj79iQHKdU27kJ6hsGG94=
github.com/mattn/go-isatty v0.0.16/go.mod h1:kYGgaQfpe5nmfYZH+SKPsOc2e4SrIfOl2e/yFXSvRLM=
github.com/mattn/go-isatty v0.0.18 h1:DOKFKCQ7FNG2L1rbrmstDN4QVRdS89Nkh85u68Uwp98=
github.com/mattn/go-isatty v0.0.18/go.mod h1:W+V8PltTTMOvKvAeJH7IuucS94S2C6jfK/D7dTCTo3Y=
github.com/mattn/go-runewidth v0.0.14 h1:+xnbZSEeDbOIg5/mE6JF0w6n9duR1l3/WmbinWVwUuU=
github.com/mattn/go-runewidth v0.0.14/go.mod h1:Jdepj2loyihRzMpdS35Xk/zdY8IAYHsh153qUoGf23w=
github.com/mudler/go-stable-diffusion v0.0.0-20230516152536-c0748eca3642 h1:KTkh3lOUsGqQyP4v+oa38sPFdrZtNnM4HaxTb3epdYs=
github.com/mudler/go-stable-diffusion v0.0.0-20230516152536-c0748eca3642/go.mod h1:8ufRkpz/S/9ahkaxzZ5i4WMgO9w4InEhuRoT7vK5Rnw=
github.com/niemeyer/pretty v0.0.0-20200227124842-a10e7caefd8e h1:fD57ERR4JtEqsWbfPhv4DMiApHyliiK5xCTNVSPiaAs=
github.com/niemeyer/pretty v0.0.0-20200227124842-a10e7caefd8e/go.mod h1:zD1mROLANZcx1PVRCS0qkT7pwLkGfwJo4zjcN/Tysno=
github.com/nomic-ai/gpt4all/gpt4all-bindings/golang v0.0.0-20230522220313-2ce22208a3dd h1:is/rE0YD8oEWcX3fQ+VxoS3fD0LqFEmTxh8XZegYYsA=
github.com/nomic-ai/gpt4all/gpt4all-bindings/golang v0.0.0-20230522220313-2ce22208a3dd/go.mod h1:4T3CHXyrt+7FQHXaxULZfPjHbD8/99WuDDJa0YVZARI=
github.com/nomic-ai/gpt4all/gpt4all-bindings/golang v0.0.0-20230523222017-b36a52020702 h1:uya1G35AbUfVtG8fu/HuUGTFXpN7n9XuRAAvC1lTr+M=
github.com/nomic-ai/gpt4all/gpt4all-bindings/golang v0.0.0-20230523222017-b36a52020702/go.mod h1:4T3CHXyrt+7FQHXaxULZfPjHbD8/99WuDDJa0YVZARI=
github.com/nomic-ai/gpt4all/gpt4all-bindings/golang v0.0.0-20230525153421-63f57635d83c h1:mDy1OKHlG9xv1KDMcOVNYQwoYKZSlb5Mu69W3+DNLYI=
github.com/nomic-ai/gpt4all/gpt4all-bindings/golang v0.0.0-20230525153421-63f57635d83c/go.mod h1:4T3CHXyrt+7FQHXaxULZfPjHbD8/99WuDDJa0YVZARI=
github.com/nomic-ai/gpt4all/gpt4all-bindings/golang v0.0.0-20230525202709-afe3870b7a29 h1:hgml/PMZX3M+WigXD4BGy+mbD1oPxYbXJXo16I555Aw=
github.com/nomic-ai/gpt4all/gpt4all-bindings/golang v0.0.0-20230525202709-afe3870b7a29/go.mod h1:4T3CHXyrt+7FQHXaxULZfPjHbD8/99WuDDJa0YVZARI=
github.com/nomic-ai/gpt4all/gpt4all-bindings/golang v0.0.0-20230525210850-d1ff7132c553 h1:+zQQHEoOaVUT72uLr6OJF+Lj35LR620aeeyrF7K6x5s=
github.com/nomic-ai/gpt4all/gpt4all-bindings/golang v0.0.0-20230525210850-d1ff7132c553/go.mod h1:4T3CHXyrt+7FQHXaxULZfPjHbD8/99WuDDJa0YVZARI=
github.com/nomic-ai/gpt4all/gpt4all-bindings/golang v0.0.0-20230526132403-a6f3e94458e2 h1:DE++nIPuUGk8pz71PF0BITX+CTF0lv4ZNWv12qCBUVk=
github.com/nomic-ai/gpt4all/gpt4all-bindings/golang v0.0.0-20230526132403-a6f3e94458e2/go.mod h1:4T3CHXyrt+7FQHXaxULZfPjHbD8/99WuDDJa0YVZARI=
github.com/nomic-ai/gpt4all/gpt4all-bindings/golang v0.0.0-20230528235700-9eb81cb54922 h1:teYhrXxFY28gyBm6QMcYewA0KvLXqkUsgxJcYelaxbg=
github.com/nomic-ai/gpt4all/gpt4all-bindings/golang v0.0.0-20230528235700-9eb81cb54922/go.mod h1:4T3CHXyrt+7FQHXaxULZfPjHbD8/99WuDDJa0YVZARI=
github.com/nomic-ai/gpt4all/gpt4all-bindings/golang v0.0.0-20230531011104-5f940208e4f5 h1:99cF+V5wk7IInDAEM9HAlSHdLf/xoJR529Wr8lAG5KQ=
github.com/nomic-ai/gpt4all/gpt4all-bindings/golang v0.0.0-20230531011104-5f940208e4f5/go.mod h1:4T3CHXyrt+7FQHXaxULZfPjHbD8/99WuDDJa0YVZARI=
github.com/nomic-ai/gpt4all/gpt4all-bindings/golang v0.0.0-20230601151908-5175db27813c h1:KXYqUH6bdYbxnF67l8wayctaCZ4BQJQOsUyNke7HC0A=
github.com/nomic-ai/gpt4all/gpt4all-bindings/golang v0.0.0-20230601151908-5175db27813c/go.mod h1:4T3CHXyrt+7FQHXaxULZfPjHbD8/99WuDDJa0YVZARI=
github.com/nomic-ai/gpt4all/gpt4all-bindings/golang v0.0.0-20230601213413-031d7149a7fd h1:VTPLKWrmiwYnSHfZh2KHqwSbMeM3D50J6VmDznyY3Ak=
github.com/nomic-ai/gpt4all/gpt4all-bindings/golang v0.0.0-20230601213413-031d7149a7fd/go.mod h1:4T3CHXyrt+7FQHXaxULZfPjHbD8/99WuDDJa0YVZARI=
github.com/nomic-ai/gpt4all/gpt4all-bindings/golang v0.0.0-20230602151000-be9f6ad54342 h1:Nca3BDITw9yrhMksPL5VKpj+nOUmDXTy7qB7tHJy0R8=
github.com/nomic-ai/gpt4all/gpt4all-bindings/golang v0.0.0-20230602151000-be9f6ad54342/go.mod h1:4T3CHXyrt+7FQHXaxULZfPjHbD8/99WuDDJa0YVZARI=
github.com/nomic-ai/gpt4all/gpt4all-bindings/golang v0.0.0-20230603001950-25ee51e2ca3a h1:ALsGoIFe2IZLMD+y0/ds7Spn8e9qiucQ9hod0zTRmfk=
github.com/nomic-ai/gpt4all/gpt4all-bindings/golang v0.0.0-20230603001950-25ee51e2ca3a/go.mod h1:4T3CHXyrt+7FQHXaxULZfPjHbD8/99WuDDJa0YVZARI=
github.com/onsi/ginkgo/v2 v2.9.5 h1:+6Hr4uxzP4XIUyAkg61dWBw8lb/gc4/X5luuxN/EC+Q=
github.com/onsi/ginkgo/v2 v2.9.5/go.mod h1:tvAoo1QUJwNEU2ITftXTpR7R1RbCzoZUOs3RonqW57k=
github.com/onsi/ginkgo/v2 v2.9.7 h1:06xGQy5www2oN160RtEZoTvnP2sPhEfePYmCDc2szss=
github.com/onsi/ginkgo/v2 v2.9.7/go.mod h1:cxrmXWykAwTwhQsJOPfdIDiJ+l2RYq7U8hFU+M/1uw0=
github.com/onsi/gomega v1.27.7 h1:fVih9JD6ogIiHUN6ePK7HJidyEDpWGVB5mzM7cWNXoU=
github.com/onsi/gomega v1.27.7/go.mod h1:1p8OOlwo2iUUDsHnOrjE5UKYJ+e3W8eQ3qSlRahPmr4=
github.com/otiai10/mint v1.5.1 h1:XaPLeE+9vGbuyEHem1JNk3bYc7KKqyI/na0/mLd/Kks=
github.com/otiai10/mint v1.5.1/go.mod h1:MJm72SBthJjz8qhefc4z1PYEieWmy8Bku7CjcAqyUSM=
github.com/otiai10/openaigo v1.1.0 h1:zRvGBqZUW5PCMgdkJNsPVTBd8tOLCMTipXE5wD2pdTg=
github.com/otiai10/openaigo v1.1.0/go.mod h1:792bx6AWTS61weDi2EzKpHHnTF4eDMAlJ5GvAk/mgPg=
github.com/philhofer/fwd v1.1.1/go.mod h1:gk3iGcWd9+svBvR0sR+KPcfE+RNWozjowpeBVG3ZVNU=
github.com/philhofer/fwd v1.1.2 h1:bnDivRJ1EWPjUIRXV5KfORO897HTbpFAQddBdE8t7Gw=
github.com/philhofer/fwd v1.1.2/go.mod h1:qkPdfjR2SIEbspLqpe1tO4n5yICnr2DY7mqEx2tUTP0=
github.com/pkg/errors v0.9.1/go.mod h1:bwawxfHBFNV+L2hUp1rHADufV3IMtnDRdf1r5NINEl0=
github.com/pmezard/go-difflib v1.0.0 h1:4DBwDE0NGyQoBHbLQYPwSUPoCMWR5BEzIk/f1lZbAQM=
github.com/pmezard/go-difflib v1.0.0/go.mod h1:iKH77koFhYxTK1pcRnkKkqfTogsbg7gZNVY4sRDYZ/4=
github.com/rivo/uniseg v0.2.0 h1:S1pD9weZBuJdFmowNwbpi7BJ8TNftyUImj/0WQi72jY=
github.com/rivo/uniseg v0.2.0/go.mod h1:J6wj4VEh+S6ZtnVlnTBMWIodfgj8LQOQFoIToxlJtxc=
github.com/rs/xid v1.4.0/go.mod h1:trrq9SKmegXys3aeAKXMUTdJsYXVwGY3RLcfgqegfbg=
github.com/rs/zerolog v1.29.1 h1:cO+d60CHkknCbvzEWxP0S9K6KqyTjrCNUy1LdQLCGPc=
github.com/rs/zerolog v1.29.1/go.mod h1:Le6ESbR7hc+DP6Lt1THiV8CQSdkkNrd3R0XbEgp3ZBU=
github.com/russross/blackfriday/v2 v2.1.0 h1:JIOH55/0cWyOuilr9/qlrm0BSXldqnqwMsf35Ld67mk=
github.com/russross/blackfriday/v2 v2.1.0/go.mod h1:+Rmxgy9KzJVeS9/2gXHxylqXiyQDYRxCVz55jmeOWTM=
github.com/sashabaranov/go-openai v1.9.4 h1:KanoCEoowAI45jVXlenMCckutSRr39qOmSi9MyPBfZM=
github.com/sashabaranov/go-openai v1.9.4/go.mod h1:lj5b/K+zjTSFxVLijLSTDZuP7adOgerWeFyZLUhAKRg=
github.com/sashabaranov/go-openai v1.9.5 h1:z1VCMXsfnug+U0ceTTIXr/L26AYl9jafqA9lptlSX0c=
github.com/sashabaranov/go-openai v1.9.5/go.mod h1:lj5b/K+zjTSFxVLijLSTDZuP7adOgerWeFyZLUhAKRg=
github.com/savsgio/dictpool v0.0.0-20221023140959-7bf2e61cea94 h1:rmMl4fXJhKMNWl+K+r/fq4FbbKI+Ia2m9hYBLm2h4G4=
github.com/savsgio/dictpool v0.0.0-20221023140959-7bf2e61cea94/go.mod h1:90zrgN3D/WJsDd1iXHT96alCoN2KJo6/4x1DZC3wZs8=
github.com/savsgio/gotils v0.0.0-20220530130905-52f3993e8d6d/go.mod h1:Gy+0tqhJvgGlqnTF8CVGP0AaGRjwBtXs/a5PA0Y3+A4=
github.com/savsgio/gotils v0.0.0-20230208104028-c358bd845dee h1:8Iv5m6xEo1NR1AvpV+7XmhI4r39LGNzwUL4YpMuL5vk=
github.com/savsgio/gotils v0.0.0-20230208104028-c358bd845dee/go.mod h1:qwtSXrKuJh/zsFQ12yEE89xfCrGKK63Rr7ctU/uCo4g=
github.com/stretchr/objx v0.1.0/go.mod h1:HFkY916IF+rwdDfMAkV7OtwuqBVzrE8GR6GFx+wExME=
github.com/stretchr/testify v1.3.0/go.mod h1:M5WIy9Dh21IEIfnGCwXGc5bZfKNJtfHm1UVUgZn+9EI=
github.com/stretchr/testify v1.6.1/go.mod h1:6Fq8oRcR53rry900zMqJjRRixrwX3KX962/h/Wwjteg=
github.com/stretchr/testify v1.8.1 h1:w7B6lhMri9wdJUVmEZPGGhZzrYTPvgJArz7wNPgYKsk=
github.com/swaggo/swag v1.16.1 h1:fTNRhKstPKxcnoKsytm4sahr8FaYzUcT7i1/3nd/fBg=
github.com/swaggo/swag v1.16.1/go.mod h1:9/LMvHycG3NFHfR6LwvikHv5iFvmPADQ359cKikGxto=
github.com/tinylib/msgp v1.1.6/go.mod h1:75BAfg2hauQhs3qedfdDZmWAPcFMAvJE5b9rGOMufyw=
github.com/tinylib/msgp v1.1.8 h1:FCXC1xanKO4I8plpHGH2P7koL/RzZs12l/+r7vakfm0=
github.com/tinylib/msgp v1.1.8/go.mod h1:qkpG+2ldGg4xRFmx+jfTvZPxfGFhi64BcnL9vkCm/Tw=
github.com/tmc/langchaingo v0.0.0-20230530193922-fb062652f841 h1:IVlfKPZzq3W1G+CkhZgN5VjmHnAeB3YqEvxyNPPCZXY=
github.com/tmc/langchaingo v0.0.0-20230530193922-fb062652f841/go.mod h1:6l1WoyqVDwkv7cFlY3gfcTv8yVowVyuutKv8PGlQCWI=
github.com/urfave/cli/v2 v2.25.3 h1:VJkt6wvEBOoSjPFQvOkv6iWIrsJyCrKGtCtxXWwmGeY=
github.com/urfave/cli/v2 v2.25.3/go.mod h1:GHupkWPMM0M/sj1a2b4wUrWBPzazNrIjouW6fmdJLxc=
github.com/urfave/cli/v2 v2.25.5 h1:d0NIAyhh5shGscroL7ek/Ya9QYQE0KNabJgiUinIQkc=
github.com/urfave/cli/v2 v2.25.5/go.mod h1:GHupkWPMM0M/sj1a2b4wUrWBPzazNrIjouW6fmdJLxc=
github.com/valyala/bytebufferpool v1.0.0 h1:GqA5TC/0021Y/b9FG4Oi9Mr3q7XYx6KllzawFIhcdPw=
github.com/valyala/bytebufferpool v1.0.0/go.mod h1:6bBcMArwyJ5K/AmCkWv1jt77kVWyCJ6HpOuEn7z0Csc=
github.com/valyala/fasthttp v1.47.0 h1:y7moDoxYzMooFpT5aHgNgVOQDrS3qlkfiP9mDtGGK9c=
github.com/valyala/fasthttp v1.47.0/go.mod h1:k2zXd82h/7UZc3VOdJ2WaUqt1uZ/XpXAfE9i+HBC3lA=
github.com/valyala/tcplisten v1.0.0 h1:rBHj/Xf+E1tRGZyWIWwJDiRY0zc1Js+CV5DqwacVSA8=
github.com/valyala/tcplisten v1.0.0/go.mod h1:T0xQ8SeCZGxckz9qRXTfG43PvQ/mcWh7FwZEA7Ioqkc=
github.com/xrash/smetrics v0.0.0-20201216005158-039620a65673 h1:bAn7/zixMGCfxrRTfdpNzjtPYqr8smhKouy9mxVdGPU=
github.com/xrash/smetrics v0.0.0-20201216005158-039620a65673/go.mod h1:N3UwUGtsrSj3ccvlPHLoLsHnpR27oXr4ZE984MbSER8=
github.com/yuin/goldmark v1.2.1/go.mod h1:3hX8gzYuyVAZsxl0MRgGTJEmQBFcNTphYh9decYSb74=
github.com/yuin/goldmark v1.4.13/go.mod h1:6yULJ656Px+3vBD8DxQVa3kxgyrAnzto9xy5taEt/CY=
golang.org/x/crypto v0.0.0-20190308221718-c2843e01d9a2/go.mod h1:djNgcEr1/C05ACkg1iLfiJU5Ep61QUkGW8qpdssI0+w=
golang.org/x/crypto v0.0.0-20191011191535-87dc89f01550/go.mod h1:yigFU9vqHzYiE8UmvKecakEJjdnWj3jj499lnFckfCI=
golang.org/x/crypto v0.0.0-20200622213623-75b288015ac9/go.mod h1:LzIPMQfyMNhhGPhUkYOs5KpL4U8rLKemX1yGLhDgUto=
golang.org/x/crypto v0.0.0-20210921155107-089bfa567519/go.mod h1:GvvjBRRGRdwPK5ydBHafDWAxML/pGHZbMvKqRZ5+Abc=
golang.org/x/mod v0.3.0/go.mod h1:s0Qsj1ACt9ePp/hMypM3fl4fZqREWJwdYDEqhRiZZUA=
golang.org/x/mod v0.6.0-dev.0.20220419223038-86c51ed26bb4/go.mod h1:jJ57K6gSWd91VN4djpZkiMVwK6gcyfeH4XE8wZrZaV4=
golang.org/x/mod v0.7.0/go.mod h1:iBbtSCu2XBx23ZKBPSOrRkjjQPZFPuis4dIYUhu/chs=
golang.org/x/mod v0.10.0 h1:lFO9qtOdlre5W1jxS3r/4szv2/6iXxScdzjoBMXNhYk=
golang.org/x/net v0.0.0-20190404232315-eb5bcb51f2a3/go.mod h1:t9HGtf8HONx5eT2rtn7q6eTqICYqUVnKs3thJo3Qplg=
golang.org/x/net v0.0.0-20190620200207-3b0461eec859/go.mod h1:z5CRVTTTmAJ677TzLLGU+0bjPO0LkuOLi4/5GtJWs/s=
golang.org/x/net v0.0.0-20201021035429-f5854403a974/go.mod h1:sp8m0HH+o8qH0wwXwYZr8TS3Oi6o0r6Gce1SSxlDquU=
golang.org/x/net v0.0.0-20210226172049-e18ecbb05110/go.mod h1:m0MpNAwzfU5UDzcl9v0D8zg8gWTRqZa9RBIspLL5mdg=
golang.org/x/net v0.0.0-20210421230115-4e50805a0758/go.mod h1:72T/g9IO56b78aLF+1Kcs5dz7/ng1VjMUvfKvpfy+jM=
golang.org/x/net v0.0.0-20220722155237-a158d28d115b/go.mod h1:XRhObCWvk6IyKnWLug+ECip1KBveYUHfp+8e9klMJ9c=
golang.org/x/net v0.3.0/go.mod h1:MBQ8lrhLObU/6UmLb4fmbmk5OcyYmqtbGd/9yIeKjEE=
golang.org/x/net v0.10.0 h1:X2//UzNDwYmtCLn7To6G58Wr6f5ahEAQgKNzv9Y951M=
golang.org/x/net v0.10.0/go.mod h1:0qNGK6F8kojg2nk9dLZ2mShWaEBan6FAoqfSigmmuDg=
golang.org/x/sync v0.0.0-20190423024810-112230192c58/go.mod h1:RxMgew5VJxzue5/jJTE5uejpjVlOe/izrB70Jof72aM=
golang.org/x/sync v0.0.0-20201020160332-67f06af15bc9/go.mod h1:RxMgew5VJxzue5/jJTE5uejpjVlOe/izrB70Jof72aM=
golang.org/x/sync v0.0.0-20220722155255-886fb9371eb4/go.mod h1:RxMgew5VJxzue5/jJTE5uejpjVlOe/izrB70Jof72aM=
golang.org/x/sync v0.1.0/go.mod h1:RxMgew5VJxzue5/jJTE5uejpjVlOe/izrB70Jof72aM=
golang.org/x/sys v0.0.0-20190215142949-d0b11bdaac8a/go.mod h1:STP8DvDyc/dI5b8T5hshtkjS+E42TnysNCUPdjciGhY=
golang.org/x/sys v0.0.0-20190412213103-97732733099d/go.mod h1:h1NjWce9XRLGQEsW7wpKNCjG9DtNlClVuFLEZdDNbEs=
golang.org/x/sys v0.0.0-20191204072324-ce4227a45e2e/go.mod h1:h1NjWce9XRLGQEsW7wpKNCjG9DtNlClVuFLEZdDNbEs=
golang.org/x/sys v0.0.0-20200930185726-fdedc70b468f/go.mod h1:h1NjWce9XRLGQEsW7wpKNCjG9DtNlClVuFLEZdDNbEs=
golang.org/x/sys v0.0.0-20201119102817-f84b799fce68/go.mod h1:h1NjWce9XRLGQEsW7wpKNCjG9DtNlClVuFLEZdDNbEs=
golang.org/x/sys v0.0.0-20210420072515-93ed5bcd2bfe/go.mod h1:h1NjWce9XRLGQEsW7wpKNCjG9DtNlClVuFLEZdDNbEs=
golang.org/x/sys v0.0.0-20210615035016-665e8c7367d1/go.mod h1:oPkhp1MJrh7nUepCBck5+mAzfO9JrbApNNgaTdGDITg=
golang.org/x/sys v0.0.0-20210630005230-0f9fa26af87c/go.mod h1:oPkhp1MJrh7nUepCBck5+mAzfO9JrbApNNgaTdGDITg=
golang.org/x/sys v0.0.0-20210927094055-39ccf1dd6fa6/go.mod h1:oPkhp1MJrh7nUepCBck5+mAzfO9JrbApNNgaTdGDITg=
golang.org/x/sys v0.0.0-20220520151302-bc2c85ada10a/go.mod h1:oPkhp1MJrh7nUepCBck5+mAzfO9JrbApNNgaTdGDITg=
golang.org/x/sys v0.0.0-20220722155257-8c9f86f7a55f/go.mod h1:oPkhp1MJrh7nUepCBck5+mAzfO9JrbApNNgaTdGDITg=
golang.org/x/sys v0.0.0-20220811171246-fbc7d0a398ab/go.mod h1:oPkhp1MJrh7nUepCBck5+mAzfO9JrbApNNgaTdGDITg=
golang.org/x/sys v0.3.0/go.mod h1:oPkhp1MJrh7nUepCBck5+mAzfO9JrbApNNgaTdGDITg=
golang.org/x/sys v0.6.0/go.mod h1:oPkhp1MJrh7nUepCBck5+mAzfO9JrbApNNgaTdGDITg=
golang.org/x/sys v0.8.0 h1:EBmGv8NaZBZTWvrbjNoL6HVt+IVy3QDQpJs7VRIw3tU=
golang.org/x/sys v0.8.0/go.mod h1:oPkhp1MJrh7nUepCBck5+mAzfO9JrbApNNgaTdGDITg=
golang.org/x/term v0.0.0-20201126162022-7de9c90e9dd1/go.mod h1:bj7SfCRtBDWHUb9snDiAeCFNEtKQo2Wmx5Cou7ajbmo=
golang.org/x/term v0.0.0-20210927222741-03fcf44c2211/go.mod h1:jbD1KX2456YbFQfuXm/mYQcufACuNUgVhRMnK/tPxf8=
golang.org/x/term v0.3.0/go.mod h1:q750SLmJuPmVoN1blW3UFBPREJfb1KmY3vwxfr+nFDA=
golang.org/x/text v0.3.0/go.mod h1:NqM8EUOU14njkJ3fqMW+pc6Ldnwhi/IjpwHt7yyuwOQ=
golang.org/x/text v0.3.3/go.mod h1:5Zoc/QRtKVWzQhOtBMvqHzDpF6irO9z98xDceosuGiQ=
golang.org/x/text v0.3.6/go.mod h1:5Zoc/QRtKVWzQhOtBMvqHzDpF6irO9z98xDceosuGiQ=
golang.org/x/text v0.3.7/go.mod h1:u+2+/6zg+i71rQMx5EYifcz6MCKuco9NR6JIITiCfzQ=
golang.org/x/text v0.5.0/go.mod h1:mrYo+phRRbMaCq/xk9113O4dZlRixOauAjOtrjsXDZ8=
golang.org/x/text v0.9.0 h1:2sjJmO8cDvYveuX97RDLsxlyUxLl+GHoLxBiRdHllBE=
golang.org/x/text v0.9.0/go.mod h1:e1OnstbJyHTd6l/uOt8jFFHp6TRDWZR/bV3emEE/zU8=
golang.org/x/tools v0.0.0-20180917221912-90fa682c2a6e/go.mod h1:n7NCudcB/nEzxVGmLbDWY5pfWTLqBcC2KZ6jyYvM4mQ=
golang.org/x/tools v0.0.0-20191119224855-298f0cb1881e/go.mod h1:b+2E5dAYhXwXZwtnZ6UAqBI28+e2cm9otk0dWdXHAEo=
golang.org/x/tools v0.0.0-20201022035929-9cf592e881e9/go.mod h1:emZCQorbCU4vsT4fOWvOPXz4eW1wZW4PmDk9uLelYpA=
golang.org/x/tools v0.1.12/go.mod h1:hNGJHUnrk76NpqgfD5Aqm5Crs+Hm0VOH/i9J2+nxYbc=
golang.org/x/tools v0.4.0/go.mod h1:UE5sM2OK9E/d67R0ANs2xJizIymRP5gJU295PvKXxjQ=
golang.org/x/tools v0.9.1 h1:8WMNJAz3zrtPmnYC7ISf5dEn3MT0gY7jBJfw27yrrLo=
golang.org/x/tools v0.9.1/go.mod h1:owI94Op576fPu3cIGQeHs3joujW/2Oc6MtlxbF5dfNc=
golang.org/x/xerrors v0.0.0-20190717185122-a985d3407aa7/go.mod h1:I/5z698sn9Ka8TeJc9MKroUUfqBBauWjQqLJ2OPfmY0=
golang.org/x/xerrors v0.0.0-20191011141410-1b5146add898/go.mod h1:I/5z698sn9Ka8TeJc9MKroUUfqBBauWjQqLJ2OPfmY0=
golang.org/x/xerrors v0.0.0-20200804184101-5ec99f83aff1/go.mod h1:I/5z698sn9Ka8TeJc9MKroUUfqBBauWjQqLJ2OPfmY0=
google.golang.org/protobuf v1.28.0 h1:w43yiav+6bVFTBQFZX0r7ipe9JQ1QsbMgHwbBziscLw=
gopkg.in/check.v1 v0.0.0-20161208181325-20d25e280405/go.mod h1:Co6ibVJAznAaIkqp8huTwlJQCZ016jof/cbN4VW5Yz0=
gopkg.in/check.v1 v1.0.0-20180628173108-788fd7840127/go.mod h1:Co6ibVJAznAaIkqp8huTwlJQCZ016jof/cbN4VW5Yz0=
gopkg.in/check.v1 v1.0.0-20200227125254-8fa46927fb4f h1:BLraFXnmrev5lT+xlilqcH8XK9/i0At2xKjWk4p6zsU=
gopkg.in/check.v1 v1.0.0-20200227125254-8fa46927fb4f/go.mod h1:Co6ibVJAznAaIkqp8huTwlJQCZ016jof/cbN4VW5Yz0=
gopkg.in/yaml.v2 v2.2.2/go.mod h1:hI93XBmqTisBFMUTm0b8Fm+jr3Dg1NNxqwp+5A1VGuI=
gopkg.in/yaml.v2 v2.4.0 h1:D8xgwECY7CYvx+Y2n4sBz93Jn9JRvxdiyyo8CTfuKaY=
gopkg.in/yaml.v2 v2.4.0/go.mod h1:RDklbk79AGWmwhnvt/jBztapEOGDOx6ZbXqjP6csGnQ=
gopkg.in/yaml.v3 v3.0.0-20200313102051-9f266ea9e77c/go.mod h1:K4uyk7z7BCEPqu6E+C64Yfv1cQ7kz7rIZviUmN+EgEM=
gopkg.in/yaml.v3 v3.0.0-20200615113413-eeeca48fe776/go.mod h1:K4uyk7z7BCEPqu6E+C64Yfv1cQ7kz7rIZviUmN+EgEM=
gopkg.in/yaml.v3 v3.0.1 h1:fxVm/GzAzEWqLHuvctI91KS9hhNmmWOoWu0XTYJS7CA=
gopkg.in/yaml.v3 v3.0.1/go.mod h1:K4uyk7z7BCEPqu6E+C64Yfv1cQ7kz7rIZviUmN+EgEM=
